// !$*UTF8*$!
{
	archiveVersion = 1;
	classes = {
	};
	objectVersion = 56;
	objects = {

/* Begin PBXBuildFile section */
		3F2C1DE22B88734600CDD35A /* AppDelegate.swift in Sources */ = {isa = PBXBuildFile; fileRef = 3F2C1DE12B88734600CDD35A /* AppDelegate.swift */; };
		3F2C1DE42B88734600CDD35A /* SceneDelegate.swift in Sources */ = {isa = PBXBuildFile; fileRef = 3F2C1DE32B88734600CDD35A /* SceneDelegate.swift */; };
		3F2C1DE62B88734600CDD35A /* ViewController.swift in Sources */ = {isa = PBXBuildFile; fileRef = 3F2C1DE52B88734600CDD35A /* ViewController.swift */; };
		3F2C1DE92B88734600CDD35A /* Main.storyboard in Resources */ = {isa = PBXBuildFile; fileRef = 3F2C1DE72B88734600CDD35A /* Main.storyboard */; };
		3F2C1DEB2B88734800CDD35A /* Assets.xcassets in Resources */ = {isa = PBXBuildFile; fileRef = 3F2C1DEA2B88734800CDD35A /* Assets.xcassets */; };
		3F2C1DEE2B88734800CDD35A /* LaunchScreen.storyboard in Resources */ = {isa = PBXBuildFile; fileRef = 3F2C1DEC2B88734800CDD35A /* LaunchScreen.storyboard */; };
		3F2C1DF92B88734800CDD35A /* Apple_PieTests.swift in Sources */ = {isa = PBXBuildFile; fileRef = 3F2C1DF82B88734800CDD35A /* Apple_PieTests.swift */; };
		3F2C1E032B88734800CDD35A /* Apple_PieUITests.swift in Sources */ = {isa = PBXBuildFile; fileRef = 3F2C1E022B88734800CDD35A /* Apple_PieUITests.swift */; };
		3F2C1E052B88734800CDD35A /* Apple_PieUITestsLaunchTests.swift in Sources */ = {isa = PBXBuildFile; fileRef = 3F2C1E042B88734800CDD35A /* Apple_PieUITestsLaunchTests.swift */; };
		3F2C1E122B8895F500CDD35A /* Game.swift in Sources */ = {isa = PBXBuildFile; fileRef = 3F2C1E112B8895F500CDD35A /* Game.swift */; };
/* End PBXBuildFile section */

/* Begin PBXContainerItemProxy section */
		3F2C1DF52B88734800CDD35A /* PBXContainerItemProxy */ = {
			isa = PBXContainerItemProxy;
			containerPortal = 3F2C1DD62B88734600CDD35A /* Project object */;
			proxyType = 1;
			remoteGlobalIDString = 3F2C1DDD2B88734600CDD35A;
			remoteInfo = "Apple Pie";
		};
		3F2C1DFF2B88734800CDD35A /* PBXContainerItemProxy */ = {
			isa = PBXContainerItemProxy;
			containerPortal = 3F2C1DD62B88734600CDD35A /* Project object */;
			proxyType = 1;
			remoteGlobalIDString = 3F2C1DDD2B88734600CDD35A;
			remoteInfo = "Apple Pie";
		};
/* End PBXContainerItemProxy section */

/* Begin PBXFileReference section */
		3F2C1DDE2B88734600CDD35A /* Apple Pie.app */ = {isa = PBXFileReference; explicitFileType = wrapper.application; includeInIndex = 0; path = "Apple Pie.app"; sourceTree = BUILT_PRODUCTS_DIR; };
		3F2C1DE12B88734600CDD35A /* AppDelegate.swift */ = {isa = PBXFileReference; lastKnownFileType = sourcecode.swift; path = AppDelegate.swift; sourceTree = "<group>"; };
		3F2C1DE32B88734600CDD35A /* SceneDelegate.swift */ = {isa = PBXFileReference; lastKnownFileType = sourcecode.swift; path = SceneDelegate.swift; sourceTree = "<group>"; };
		3F2C1DE52B88734600CDD35A /* ViewController.swift */ = {isa = PBXFileReference; lastKnownFileType = sourcecode.swift; path = ViewController.swift; sourceTree = "<group>"; };
		3F2C1DE82B88734600CDD35A /* Base */ = {isa = PBXFileReference; lastKnownFileType = file.storyboard; name = Base; path = Base.lproj/Main.storyboard; sourceTree = "<group>"; };
		3F2C1DEA2B88734800CDD35A /* Assets.xcassets */ = {isa = PBXFileReference; lastKnownFileType = folder.assetcatalog; path = Assets.xcassets; sourceTree = "<group>"; };
		3F2C1DED2B88734800CDD35A /* Base */ = {isa = PBXFileReference; lastKnownFileType = file.storyboard; name = Base; path = Base.lproj/LaunchScreen.storyboard; sourceTree = "<group>"; };
		3F2C1DEF2B88734800CDD35A /* Info.plist */ = {isa = PBXFileReference; lastKnownFileType = text.plist.xml; path = Info.plist; sourceTree = "<group>"; };
		3F2C1DF42B88734800CDD35A /* Apple PieTests.xctest */ = {isa = PBXFileReference; explicitFileType = wrapper.cfbundle; includeInIndex = 0; path = "Apple PieTests.xctest"; sourceTree = BUILT_PRODUCTS_DIR; };
		3F2C1DF82B88734800CDD35A /* Apple_PieTests.swift */ = {isa = PBXFileReference; lastKnownFileType = sourcecode.swift; path = Apple_PieTests.swift; sourceTree = "<group>"; };
		3F2C1DFE2B88734800CDD35A /* Apple PieUITests.xctest */ = {isa = PBXFileReference; explicitFileType = wrapper.cfbundle; includeInIndex = 0; path = "Apple PieUITests.xctest"; sourceTree = BUILT_PRODUCTS_DIR; };
		3F2C1E022B88734800CDD35A /* Apple_PieUITests.swift */ = {isa = PBXFileReference; lastKnownFileType = sourcecode.swift; path = Apple_PieUITests.swift; sourceTree = "<group>"; };
		3F2C1E042B88734800CDD35A /* Apple_PieUITestsLaunchTests.swift */ = {isa = PBXFileReference; lastKnownFileType = sourcecode.swift; path = Apple_PieUITestsLaunchTests.swift; sourceTree = "<group>"; };
		3F2C1E112B8895F500CDD35A /* Game.swift */ = {isa = PBXFileReference; lastKnownFileType = sourcecode.swift; path = Game.swift; sourceTree = "<group>"; };
/* End PBXFileReference section */

/* Begin PBXFrameworksBuildPhase section */
		3F2C1DDB2B88734600CDD35A /* Frameworks */ = {
			isa = PBXFrameworksBuildPhase;
			buildActionMask = 2147483647;
			files = (
			);
			runOnlyForDeploymentPostprocessing = 0;
		};
		3F2C1DF12B88734800CDD35A /* Frameworks */ = {
			isa = PBXFrameworksBuildPhase;
			buildActionMask = 2147483647;
			files = (
			);
			runOnlyForDeploymentPostprocessing = 0;
		};
		3F2C1DFB2B88734800CDD35A /* Frameworks */ = {
			isa = PBXFrameworksBuildPhase;
			buildActionMask = 2147483647;
			files = (
			);
			runOnlyForDeploymentPostprocessing = 0;
		};
/* End PBXFrameworksBuildPhase section */

/* Begin PBXGroup section */
		3F2C1DD52B88734600CDD35A = {
			isa = PBXGroup;
			children = (
				3F2C1E112B8895F500CDD35A /* Game.swift */,
				3F2C1DE02B88734600CDD35A /* Apple Pie */,
				3F2C1DF72B88734800CDD35A /* Apple PieTests */,
				3F2C1E012B88734800CDD35A /* Apple PieUITests */,
				3F2C1DDF2B88734600CDD35A /* Products */,
			);
			sourceTree = "<group>";
		};
		3F2C1DDF2B88734600CDD35A /* Products */ = {
			isa = PBXGroup;
			children = (
				3F2C1DDE2B88734600CDD35A /* Apple Pie.app */,
				3F2C1DF42B88734800CDD35A /* Apple PieTests.xctest */,
				3F2C1DFE2B88734800CDD35A /* Apple PieUITests.xctest */,
			);
			name = Products;
			sourceTree = "<group>";
		};
		3F2C1DE02B88734600CDD35A /* Apple Pie */ = {
			isa = PBXGroup;
			children = (
				3F2C1DE12B88734600CDD35A /* AppDelegate.swift */,
				3F2C1DE32B88734600CDD35A /* SceneDelegate.swift */,
				3F2C1DE52B88734600CDD35A /* ViewController.swift */,
				3F2C1DE72B88734600CDD35A /* Main.storyboard */,
				3F2C1DEA2B88734800CDD35A /* Assets.xcassets */,
				3F2C1DEC2B88734800CDD35A /* LaunchScreen.storyboard */,
				3F2C1DEF2B88734800CDD35A /* Info.plist */,
			);
			path = "Apple Pie";
			sourceTree = "<group>";
		};
		3F2C1DF72B88734800CDD35A /* Apple PieTests */ = {
			isa = PBXGroup;
			children = (
				3F2C1DF82B88734800CDD35A /* Apple_PieTests.swift */,
			);
			path = "Apple PieTests";
			sourceTree = "<group>";
		};
		3F2C1E012B88734800CDD35A /* Apple PieUITests */ = {
			isa = PBXGroup;
			children = (
				3F2C1E022B88734800CDD35A /* Apple_PieUITests.swift */,
				3F2C1E042B88734800CDD35A /* Apple_PieUITestsLaunchTests.swift */,
			);
			path = "Apple PieUITests";
			sourceTree = "<group>";
		};
/* End PBXGroup section */

/* Begin PBXNativeTarget section */
		3F2C1DDD2B88734600CDD35A /* Apple Pie */ = {
			isa = PBXNativeTarget;
			buildConfigurationList = 3F2C1E082B88734800CDD35A /* Build configuration list for PBXNativeTarget "Apple Pie" */;
			buildPhases = (
				3F2C1DDA2B88734600CDD35A /* Sources */,
				3F2C1DDB2B88734600CDD35A /* Frameworks */,
				3F2C1DDC2B88734600CDD35A /* Resources */,
			);
			buildRules = (
			);
			dependencies = (
			);
			name = "Apple Pie";
			productName = "Apple Pie";
			productReference = 3F2C1DDE2B88734600CDD35A /* Apple Pie.app */;
			productType = "com.apple.product-type.application";
		};
		3F2C1DF32B88734800CDD35A /* Apple PieTests */ = {
			isa = PBXNativeTarget;
			buildConfigurationList = 3F2C1E0B2B88734800CDD35A /* Build configuration list for PBXNativeTarget "Apple PieTests" */;
			buildPhases = (
				3F2C1DF02B88734800CDD35A /* Sources */,
				3F2C1DF12B88734800CDD35A /* Frameworks */,
				3F2C1DF22B88734800CDD35A /* Resources */,
			);
			buildRules = (
			);
			dependencies = (
				3F2C1DF62B88734800CDD35A /* PBXTargetDependency */,
			);
			name = "Apple PieTests";
			productName = "Apple PieTests";
			productReference = 3F2C1DF42B88734800CDD35A /* Apple PieTests.xctest */;
			productType = "com.apple.product-type.bundle.unit-test";
		};
		3F2C1DFD2B88734800CDD35A /* Apple PieUITests */ = {
			isa = PBXNativeTarget;
			buildConfigurationList = 3F2C1E0E2B88734800CDD35A /* Build configuration list for PBXNativeTarget "Apple PieUITests" */;
			buildPhases = (
				3F2C1DFA2B88734800CDD35A /* Sources */,
				3F2C1DFB2B88734800CDD35A /* Frameworks */,
				3F2C1DFC2B88734800CDD35A /* Resources */,
			);
			buildRules = (
			);
			dependencies = (
				3F2C1E002B88734800CDD35A /* PBXTargetDependency */,
			);
			name = "Apple PieUITests";
			productName = "Apple PieUITests";
			productReference = 3F2C1DFE2B88734800CDD35A /* Apple PieUITests.xctest */;
			productType = "com.apple.product-type.bundle.ui-testing";
		};
/* End PBXNativeTarget section */

/* Begin PBXProject section */
		3F2C1DD62B88734600CDD35A /* Project object */ = {
			isa = PBXProject;
			attributes = {
				BuildIndependentTargetsInParallel = 1;
				LastSwiftUpdateCheck = 1520;
				LastUpgradeCheck = 1520;
				TargetAttributes = {
					3F2C1DDD2B88734600CDD35A = {
						CreatedOnToolsVersion = 15.2;
					};
					3F2C1DF32B88734800CDD35A = {
						CreatedOnToolsVersion = 15.2;
						TestTargetID = 3F2C1DDD2B88734600CDD35A;
					};
					3F2C1DFD2B88734800CDD35A = {
						CreatedOnToolsVersion = 15.2;
						TestTargetID = 3F2C1DDD2B88734600CDD35A;
					};
				};
			};
			buildConfigurationList = 3F2C1DD92B88734600CDD35A /* Build configuration list for PBXProject "Apple Pie" */;
			compatibilityVersion = "Xcode 14.0";
			developmentRegion = en;
			hasScannedForEncodings = 0;
			knownRegions = (
				en,
				Base,
			);
			mainGroup = 3F2C1DD52B88734600CDD35A;
			productRefGroup = 3F2C1DDF2B88734600CDD35A /* Products */;
			projectDirPath = "";
			projectRoot = "";
			targets = (
				3F2C1DDD2B88734600CDD35A /* Apple Pie */,
				3F2C1DF32B88734800CDD35A /* Apple PieTests */,
				3F2C1DFD2B88734800CDD35A /* Apple PieUITests */,
			);
		};
/* End PBXProject section */

/* Begin PBXResourcesBuildPhase section */
		3F2C1DDC2B88734600CDD35A /* Resources */ = {
			isa = PBXResourcesBuildPhase;
			buildActionMask = 2147483647;
			files = (
				3F2C1DEE2B88734800CDD35A /* LaunchScreen.storyboard in Resources */,
				3F2C1DEB2B88734800CDD35A /* Assets.xcassets in Resources */,
				3F2C1DE92B88734600CDD35A /* Main.storyboard in Resources */,
			);
			runOnlyForDeploymentPostprocessing = 0;
		};
		3F2C1DF22B88734800CDD35A /* Resources */ = {
			isa = PBXResourcesBuildPhase;
			buildActionMask = 2147483647;
			files = (
			);
			runOnlyForDeploymentPostprocessing = 0;
		};
		3F2C1DFC2B88734800CDD35A /* Resources */ = {
			isa = PBXResourcesBuildPhase;
			buildActionMask = 2147483647;
			files = (
			);
			runOnlyForDeploymentPostprocessing = 0;
		};
/* End PBXResourcesBuildPhase section */

/* Begin PBXSourcesBuildPhase section */
		3F2C1DDA2B88734600CDD35A /* Sources */ = {
			isa = PBXSourcesBuildPhase;
			buildActionMask = 2147483647;
			files = (
				3F2C1DE62B88734600CDD35A /* ViewController.swift in Sources */,
				3F2C1DE22B88734600CDD35A /* AppDelegate.swift in Sources */,
				3F2C1DE42B88734600CDD35A /* SceneDelegate.swift in Sources */,
				3F2C1E122B8895F500CDD35A /* Game.swift in Sources */,
			);
			runOnlyForDeploymentPostprocessing = 0;
		};
		3F2C1DF02B88734800CDD35A /* Sources */ = {
			isa = PBXSourcesBuildPhase;
			buildActionMask = 2147483647;
			files = (
				3F2C1DF92B88734800CDD35A /* Apple_PieTests.swift in Sources */,
			);
			runOnlyForDeploymentPostprocessing = 0;
		};
		3F2C1DFA2B88734800CDD35A /* Sources */ = {
			isa = PBXSourcesBuildPhase;
			buildActionMask = 2147483647;
			files = (
				3F2C1E052B88734800CDD35A /* Apple_PieUITestsLaunchTests.swift in Sources */,
				3F2C1E032B88734800CDD35A /* Apple_PieUITests.swift in Sources */,
			);
			runOnlyForDeploymentPostprocessing = 0;
		};
/* End PBXSourcesBuildPhase section */

/* Begin PBXTargetDependency section */
		3F2C1DF62B88734800CDD35A /* PBXTargetDependency */ = {
			isa = PBXTargetDependency;
			target = 3F2C1DDD2B88734600CDD35A /* Apple Pie */;
			targetProxy = 3F2C1DF52B88734800CDD35A /* PBXContainerItemProxy */;
		};
		3F2C1E002B88734800CDD35A /* PBXTargetDependency */ = {
			isa = PBXTargetDependency;
			target = 3F2C1DDD2B88734600CDD35A /* Apple Pie */;
			targetProxy = 3F2C1DFF2B88734800CDD35A /* PBXContainerItemProxy */;
		};
/* End PBXTargetDependency section */

/* Begin PBXVariantGroup section */
		3F2C1DE72B88734600CDD35A /* Main.storyboard */ = {
			isa = PBXVariantGroup;
			children = (
				3F2C1DE82B88734600CDD35A /* Base */,
			);
			name = Main.storyboard;
			sourceTree = "<group>";
		};
		3F2C1DEC2B88734800CDD35A /* LaunchScreen.storyboard */ = {
			isa = PBXVariantGroup;
			children = (
				3F2C1DED2B88734800CDD35A /* Base */,
			);
			name = LaunchScreen.storyboard;
			sourceTree = "<group>";
		};
/* End PBXVariantGroup section */

/* Begin XCBuildConfiguration section */
		3F2C1E062B88734800CDD35A /* Debug */ = {
			isa = XCBuildConfiguration;
			buildSettings = {
				ALWAYS_SEARCH_USER_PATHS = NO;
				ASSETCATALOG_COMPILER_GENERATE_SWIFT_ASSET_SYMBOL_EXTENSIONS = YES;
				CLANG_ANALYZER_NONNULL = YES;
				CLANG_ANALYZER_NUMBER_OBJECT_CONVERSION = YES_AGGRESSIVE;
				CLANG_CXX_LANGUAGE_STANDARD = "gnu++20";
				CLANG_ENABLE_MODULES = YES;
				CLANG_ENABLE_OBJC_ARC = YES;
				CLANG_ENABLE_OBJC_WEAK = YES;
				CLANG_WARN_BLOCK_CAPTURE_AUTORELEASING = YES;
				CLANG_WARN_BOOL_CONVERSION = YES;
				CLANG_WARN_COMMA = YES;
				CLANG_WARN_CONSTANT_CONVERSION = YES;
				CLANG_WARN_DEPRECATED_OBJC_IMPLEMENTATIONS = YES;
				CLANG_WARN_DIRECT_OBJC_ISA_USAGE = YES_ERROR;
				CLANG_WARN_DOCUMENTATION_COMMENTS = YES;
				CLANG_WARN_EMPTY_BODY = YES;
				CLANG_WARN_ENUM_CONVERSION = YES;
				CLANG_WARN_INFINITE_RECURSION = YES;
				CLANG_WARN_INT_CONVERSION = YES;
				CLANG_WARN_NON_LITERAL_NULL_CONVERSION = YES;
				CLANG_WARN_OBJC_IMPLICIT_RETAIN_SELF = YES;
				CLANG_WARN_OBJC_LITERAL_CONVERSION = YES;
				CLANG_WARN_OBJC_ROOT_CLASS = YES_ERROR;
				CLANG_WARN_QUOTED_INCLUDE_IN_FRAMEWORK_HEADER = YES;
				CLANG_WARN_RANGE_LOOP_ANALYSIS = YES;
				CLANG_WARN_STRICT_PROTOTYPES = YES;
				CLANG_WARN_SUSPICIOUS_MOVE = YES;
				CLANG_WARN_UNGUARDED_AVAILABILITY = YES_AGGRESSIVE;
				CLANG_WARN_UNREACHABLE_CODE = YES;
				CLANG_WARN__DUPLICATE_METHOD_MATCH = YES;
				COPY_PHASE_STRIP = NO;
				DEBUG_INFORMATION_FORMAT = dwarf;
				ENABLE_STRICT_OBJC_MSGSEND = YES;
				ENABLE_TESTABILITY = YES;
				ENABLE_USER_SCRIPT_SANDBOXING = YES;
				GCC_C_LANGUAGE_STANDARD = gnu17;
				GCC_DYNAMIC_NO_PIC = NO;
				GCC_NO_COMMON_BLOCKS = YES;
				GCC_OPTIMIZATION_LEVEL = 0;
				GCC_PREPROCESSOR_DEFINITIONS = (
					"DEBUG=1",
					"$(inherited)",
				);
				GCC_WARN_64_TO_32_BIT_CONVERSION = YES;
				GCC_WARN_ABOUT_RETURN_TYPE = YES_ERROR;
				GCC_WARN_UNDECLARED_SELECTOR = YES;
				GCC_WARN_UNINITIALIZED_AUTOS = YES_AGGRESSIVE;
				GCC_WARN_UNUSED_FUNCTION = YES;
				GCC_WARN_UNUSED_VARIABLE = YES;
				IPHONEOS_DEPLOYMENT_TARGET = 17.2;
				LOCALIZATION_PREFERS_STRING_CATALOGS = YES;
				MTL_ENABLE_DEBUG_INFO = INCLUDE_SOURCE;
				MTL_FAST_MATH = YES;
				ONLY_ACTIVE_ARCH = YES;
				SDKROOT = iphoneos;
				SWIFT_ACTIVE_COMPILATION_CONDITIONS = "DEBUG $(inherited)";
				SWIFT_OPTIMIZATION_LEVEL = "-Onone";
			};
			name = Debug;
		};
		3F2C1E072B88734800CDD35A /* Release */ = {
			isa = XCBuildConfiguration;
			buildSettings = {
				ALWAYS_SEARCH_USER_PATHS = NO;
				ASSETCATALOG_COMPILER_GENERATE_SWIFT_ASSET_SYMBOL_EXTENSIONS = YES;
				CLANG_ANALYZER_NONNULL = YES;
				CLANG_ANALYZER_NUMBER_OBJECT_CONVERSION = YES_AGGRESSIVE;
				CLANG_CXX_LANGUAGE_STANDARD = "gnu++20";
				CLANG_ENABLE_MODULES = YES;
				CLANG_ENABLE_OBJC_ARC = YES;
				CLANG_ENABLE_OBJC_WEAK = YES;
				CLANG_WARN_BLOCK_CAPTURE_AUTORELEASING = YES;
				CLANG_WARN_BOOL_CONVERSION = YES;
				CLANG_WARN_COMMA = YES;
				CLANG_WARN_CONSTANT_CONVERSION = YES;
				CLANG_WARN_DEPRECATED_OBJC_IMPLEMENTATIONS = YES;
				CLANG_WARN_DIRECT_OBJC_ISA_USAGE = YES_ERROR;
				CLANG_WARN_DOCUMENTATION_COMMENTS = YES;
				CLANG_WARN_EMPTY_BODY = YES;
				CLANG_WARN_ENUM_CONVERSION = YES;
				CLANG_WARN_INFINITE_RECURSION = YES;
				CLANG_WARN_INT_CONVERSION = YES;
				CLANG_WARN_NON_LITERAL_NULL_CONVERSION = YES;
				CLANG_WARN_OBJC_IMPLICIT_RETAIN_SELF = YES;
				CLANG_WARN_OBJC_LITERAL_CONVERSION = YES;
				CLANG_WARN_OBJC_ROOT_CLASS = YES_ERROR;
				CLANG_WARN_QUOTED_INCLUDE_IN_FRAMEWORK_HEADER = YES;
				CLANG_WARN_RANGE_LOOP_ANALYSIS = YES;
				CLANG_WARN_STRICT_PROTOTYPES = YES;
				CLANG_WARN_SUSPICIOUS_MOVE = YES;
				CLANG_WARN_UNGUARDED_AVAILABILITY = YES_AGGRESSIVE;
				CLANG_WARN_UNREACHABLE_CODE = YES;
				CLANG_WARN__DUPLICATE_METHOD_MATCH = YES;
				COPY_PHASE_STRIP = NO;
				DEBUG_INFORMATION_FORMAT = "dwarf-with-dsym";
				ENABLE_NS_ASSERTIONS = NO;
				ENABLE_STRICT_OBJC_MSGSEND = YES;
				ENABLE_USER_SCRIPT_SANDBOXING = YES;
				GCC_C_LANGUAGE_STANDARD = gnu17;
				GCC_NO_COMMON_BLOCKS = YES;
				GCC_WARN_64_TO_32_BIT_CONVERSION = YES;
				GCC_WARN_ABOUT_RETURN_TYPE = YES_ERROR;
				GCC_WARN_UNDECLARED_SELECTOR = YES;
				GCC_WARN_UNINITIALIZED_AUTOS = YES_AGGRESSIVE;
				GCC_WARN_UNUSED_FUNCTION = YES;
				GCC_WARN_UNUSED_VARIABLE = YES;
				IPHONEOS_DEPLOYMENT_TARGET = 17.2;
				LOCALIZATION_PREFERS_STRING_CATALOGS = YES;
				MTL_ENABLE_DEBUG_INFO = NO;
				MTL_FAST_MATH = YES;
				SDKROOT = iphoneos;
				SWIFT_COMPILATION_MODE = wholemodule;
				VALIDATE_PRODUCT = YES;
			};
			name = Release;
		};
		3F2C1E092B88734800CDD35A /* Debug */ = {
			isa = XCBuildConfiguration;
			buildSettings = {
				ASSETCATALOG_COMPILER_APPICON_NAME = AppIcon;
				ASSETCATALOG_COMPILER_GLOBAL_ACCENT_COLOR_NAME = AccentColor;
				CODE_SIGN_STYLE = Automatic;
				CURRENT_PROJECT_VERSION = 1;
				GENERATE_INFOPLIST_FILE = YES;
				INFOPLIST_FILE = "Apple Pie/Info.plist";
				INFOPLIST_KEY_UIApplicationSupportsIndirectInputEvents = YES;
				INFOPLIST_KEY_UILaunchStoryboardName = LaunchScreen;
				INFOPLIST_KEY_UIMainStoryboardFile = Main;
				INFOPLIST_KEY_UISupportedInterfaceOrientations_iPad = "UIInterfaceOrientationPortrait UIInterfaceOrientationPortraitUpsideDown UIInterfaceOrientationLandscapeLeft UIInterfaceOrientationLandscapeRight";
				INFOPLIST_KEY_UISupportedInterfaceOrientations_iPhone = "UIInterfaceOrientationPortrait UIInterfaceOrientationLandscapeLeft UIInterfaceOrientationLandscapeRight";
				LD_RUNPATH_SEARCH_PATHS = (
					"$(inherited)",
					"@executable_path/Frameworks",
				);
				MARKETING_VERSION = 1.0;
				PRODUCT_BUNDLE_IDENTIFIER = "com..Apple-Pie";
				PRODUCT_NAME = "$(TARGET_NAME)";
				SUPPORTED_PLATFORMS = "iphoneos iphonesimulator";
				SUPPORTS_MACCATALYST = NO;
				SUPPORTS_MAC_DESIGNED_FOR_IPHONE_IPAD = NO;
				SUPPORTS_XR_DESIGNED_FOR_IPHONE_IPAD = NO;
				SWIFT_EMIT_LOC_STRINGS = YES;
				SWIFT_VERSION = 5.0;
				TARGETED_DEVICE_FAMILY = 2;
			};
			name = Debug;
		};
		3F2C1E0A2B88734800CDD35A /* Release */ = {
			isa = XCBuildConfiguration;
			buildSettings = {
				ASSETCATALOG_COMPILER_APPICON_NAME = AppIcon;
				ASSETCATALOG_COMPILER_GLOBAL_ACCENT_COLOR_NAME = AccentColor;
				CODE_SIGN_STYLE = Automatic;
				CURRENT_PROJECT_VERSION = 1;
				GENERATE_INFOPLIST_FILE = YES;
				INFOPLIST_FILE = "Apple Pie/Info.plist";
				INFOPLIST_KEY_UIApplicationSupportsIndirectInputEvents = YES;
				INFOPLIST_KEY_UILaunchStoryboardName = LaunchScreen;
				INFOPLIST_KEY_UIMainStoryboardFile = Main;
				INFOPLIST_KEY_UISupportedInterfaceOrientations_iPad = "UIInterfaceOrientationPortrait UIInterfaceOrientationPortraitUpsideDown UIInterfaceOrientationLandscapeLeft UIInterfaceOrientationLandscapeRight";
				INFOPLIST_KEY_UISupportedInterfaceOrientations_iPhone = "UIInterfaceOrientationPortrait UIInterfaceOrientationLandscapeLeft UIInterfaceOrientationLandscapeRight";
				LD_RUNPATH_SEARCH_PATHS = (
					"$(inherited)",
					"@executable_path/Frameworks",
				);
				MARKETING_VERSION = 1.0;
				PRODUCT_BUNDLE_IDENTIFIER = "com..Apple-Pie";
				PRODUCT_NAME = "$(TARGET_NAME)";
				SUPPORTED_PLATFORMS = "iphoneos iphonesimulator";
				SUPPORTS_MACCATALYST = NO;
				SUPPORTS_MAC_DESIGNED_FOR_IPHONE_IPAD = NO;
				SUPPORTS_XR_DESIGNED_FOR_IPHONE_IPAD = NO;
				SWIFT_EMIT_LOC_STRINGS = YES;
				SWIFT_VERSION = 5.0;
				TARGETED_DEVICE_FAMILY = 2;
			};
			name = Release;
		};
		3F2C1E0C2B88734800CDD35A /* Debug */ = {
			isa = XCBuildConfiguration;
			buildSettings = {
				ALWAYS_EMBED_SWIFT_STANDARD_LIBRARIES = YES;
				BUNDLE_LOADER = "$(TEST_HOST)";
				CODE_SIGN_STYLE = Automatic;
				CURRENT_PROJECT_VERSION = 1;
				GENERATE_INFOPLIST_FILE = YES;
				IPHONEOS_DEPLOYMENT_TARGET = 17.2;
				MARKETING_VERSION = 1.0;
				PRODUCT_BUNDLE_IDENTIFIER = "com..Apple-PieTests";
				PRODUCT_NAME = "$(TARGET_NAME)";
				SWIFT_EMIT_LOC_STRINGS = NO;
				SWIFT_VERSION = 5.0;
				TARGETED_DEVICE_FAMILY = "1,2";
				TEST_HOST = "$(BUILT_PRODUCTS_DIR)/Apple Pie.app/$(BUNDLE_EXECUTABLE_FOLDER_PATH)/Apple Pie";
			};
			name = Debug;
		};
		3F2C1E0D2B88734800CDD35A /* Release */ = {
			isa = XCBuildConfiguration;
			buildSettings = {
				ALWAYS_EMBED_SWIFT_STANDARD_LIBRARIES = YES;
				BUNDLE_LOADER = "$(TEST_HOST)";
				CODE_SIGN_STYLE = Automatic;
				CURRENT_PROJECT_VERSION = 1;
				GENERATE_INFOPLIST_FILE = YES;
				IPHONEOS_DEPLOYMENT_TARGET = 17.2;
				MARKETING_VERSION = 1.0;
				PRODUCT_BUNDLE_IDENTIFIER = "com..Apple-PieTests";
				PRODUCT_NAME = "$(TARGET_NAME)";
				SWIFT_EMIT_LOC_STRINGS = NO;
				SWIFT_VERSION = 5.0;
				TARGETED_DEVICE_FAMILY = "1,2";
				TEST_HOST = "$(BUILT_PRODUCTS_DIR)/Apple Pie.app/$(BUNDLE_EXECUTABLE_FOLDER_PATH)/Apple Pie";
			};
			name = Release;
		};
		3F2C1E0F2B88734800CDD35A /* Debug */ = {
			isa = XCBuildConfiguration;
			buildSettings = {
				ALWAYS_EMBED_SWIFT_STANDARD_LIBRARIES = YES;
				CODE_SIGN_STYLE = Automatic;
				CURRENT_PROJECT_VERSION = 1;
				GENERATE_INFOPLIST_FILE = YES;
				MARKETING_VERSION = 1.0;
				PRODUCT_BUNDLE_IDENTIFIER = "com..Apple-PieUITests";
				PRODUCT_NAME = "$(TARGET_NAME)";
				SWIFT_EMIT_LOC_STRINGS = NO;
				SWIFT_VERSION = 5.0;
				TARGETED_DEVICE_FAMILY = "1,2";
				TEST_TARGET_NAME = "Apple Pie";
			};
			name = Debug;
		};
		3F2C1E102B88734800CDD35A /* Release */ = {
			isa = XCBuildConfiguration;
			buildSettings = {
				ALWAYS_EMBED_SWIFT_STANDARD_LIBRARIES = YES;
				CODE_SIGN_STYLE = Automatic;
				CURRENT_PROJECT_VERSION = 1;
				GENERATE_INFOPLIST_FILE = YES;
				MARKETING_VERSION = 1.0;
				PRODUCT_BUNDLE_IDENTIFIER = "com..Apple-PieUITests";
				PRODUCT_NAME = "$(TARGET_NAME)";
				SWIFT_EMIT_LOC_STRINGS = NO;
				SWIFT_VERSION = 5.0;
				TARGETED_DEVICE_FAMILY = "1,2";
				TEST_TARGET_NAME = "Apple Pie";
			};
			name = Release;
		};
/* End XCBuildConfiguration section */

/* Begin XCConfigurationList section */
		3F2C1DD92B88734600CDD35A /* Build configuration list for PBXProject "Apple Pie" */ = {
			isa = XCConfigurationList;
			buildConfigurations = (
				3F2C1E062B88734800CDD35A /* Debug */,
				3F2C1E072B88734800CDD35A /* Release */,
			);
			defaultConfigurationIsVisible = 0;
			defaultConfigurationName = Release;
		};
		3F2C1E082B88734800CDD35A /* Build configuration list for PBXNativeTarget "Apple Pie" */ = {
			isa = XCConfigurationList;
			buildConfigurations = (
				3F2C1E092B88734800CDD35A /* Debug */,
				3F2C1E0A2B88734800CDD35A /* Release */,
			);
			defaultConfigurationIsVisible = 0;
			defaultConfigurationName = Release;
		};
		3F2C1E0B2B88734800CDD35A /* Build configuration list for PBXNativeTarget "Apple PieTests" */ = {
			isa = XCConfigurationList;
			buildConfigurations = (
				3F2C1E0C2B88734800CDD35A /* Debug */,
				3F2C1E0D2B88734800CDD35A /* Release */,
			);
			defaultConfigurationIsVisible = 0;
			defaultConfigurationName = Release;
		};
		3F2C1E0E2B88734800CDD35A /* Build configuration list for PBXNativeTarget "Apple PieUITests" */ = {
			isa = XCConfigurationList;
			buildConfigurations = (
				3F2C1E0F2B88734800CDD35A /* Debug */,
				3F2C1E102B88734800CDD35A /* Release */,
			);
			defaultConfigurationIsVisible = 0;
			defaultConfigurationName = Release;
		};
/* End XCConfigurationList section */
	};
	rootObject = 3F2C1DD62B88734600CDD35A /* Project object */;
}
